<?xml version="1.0" encoding="UTF-8"?>
<CodeBlocks_project_file>
	<FileVersion major="1" minor="6"/>
	<Project>
		<Option title="ina260"/>
		<Option makefile_is_custom="1"/>
		<Option compiler="gcc"/>
		<Option virtualFolders="CMake Files\;"/>
		<Build>
			<Target title="all">
				<Option working_dir="/tmp/tmp.GYQmTdo2sk"/>
				<Option type="4"/>
				<MakeCommands>
					<Build command="/usr/bin/make -j4 -f &quot;/tmp/tmp.GYQmTdo2sk/Makefile&quot;  VERBOSE=1 all"/>
					<CompileFile command="/usr/bin/make -j4 -f &quot;/tmp/tmp.GYQmTdo2sk/Makefile&quot;  VERBOSE=1 &quot;$file&quot;"/>
					<Clean command="/usr/bin/make -j4 -f &quot;/tmp/tmp.GYQmTdo2sk/Makefile&quot;  VERBOSE=1 clean"/>
					<DistClean command="/usr/bin/make -j4 -f &quot;/tmp/tmp.GYQmTdo2sk/Makefile&quot;  VERBOSE=1 clean"/>
				</MakeCommands>
			</Target>
			<Target title="rebuild_cache">
				<Option working_dir="/tmp/tmp.GYQmTdo2sk"/>
				<Option type="4"/>
				<MakeCommands>
					<Build command="/usr/bin/make -j4 -f &quot;/tmp/tmp.GYQmTdo2sk/Makefile&quot;  VERBOSE=1 rebuild_cache"/>
					<CompileFile command="/usr/bin/make -j4 -f &quot;/tmp/tmp.GYQmTdo2sk/Makefile&quot;  VERBOSE=1 &quot;$file&quot;"/>
					<Clean command="/usr/bin/make -j4 -f &quot;/tmp/tmp.GYQmTdo2sk/Makefile&quot;  VERBOSE=1 clean"/>
					<DistClean command="/usr/bin/make -j4 -f &quot;/tmp/tmp.GYQmTdo2sk/Makefile&quot;  VERBOSE=1 clean"/>
				</MakeCommands>
			</Target>
			<Target title="ina260">
				<Option output="/tmp/tmp.GYQmTdo2sk/ina260" prefix_auto="0" extension_auto="0"/>
				<Option working_dir="/tmp/tmp.GYQmTdo2sk"/>
				<Option object_output="./"/>
				<Option type="1"/>
				<Option compiler="gcc"/>
				<Compiler>
					<Add directory="/usr/include/c++/8"/>
					<Add directory="/usr/include/arm-linux-gnueabihf/c++/8"/>
					<Add directory="/usr/include/c++/8/backward"/>
					<Add directory="/usr/lib/gcc/arm-linux-gnueabihf/8/include"/>
					<Add directory="/usr/local/include"/>
					<Add directory="/usr/lib/gcc/arm-linux-gnueabihf/8/include-fixed"/>
					<Add directory="/usr/include/arm-linux-gnueabihf"/>
					<Add directory="/usr/include"/>
				</Compiler>
				<MakeCommands>
					<Build command="/usr/bin/make -j4 -f &quot;/tmp/tmp.GYQmTdo2sk/Makefile&quot;  VERBOSE=1 ina260"/>
					<CompileFile command="/usr/bin/make -j4 -f &quot;/tmp/tmp.GYQmTdo2sk/Makefile&quot;  VERBOSE=1 &quot;$file&quot;"/>
					<Clean command="/usr/bin/make -j4 -f &quot;/tmp/tmp.GYQmTdo2sk/Makefile&quot;  VERBOSE=1 clean"/>
					<DistClean command="/usr/bin/make -j4 -f &quot;/tmp/tmp.GYQmTdo2sk/Makefile&quot;  VERBOSE=1 clean"/>
				</MakeCommands>
			</Target>
			<Target title="ina260/fast">
				<Option output="/tmp/tmp.GYQmTdo2sk/ina260" prefix_auto="0" extension_auto="0"/>
				<Option working_dir="/tmp/tmp.GYQmTdo2sk"/>
				<Option object_output="./"/>
				<Option type="1"/>
				<Option compiler="gcc"/>
				<Compiler>
					<Add directory="/usr/include/c++/8"/>
					<Add directory="/usr/include/arm-linux-gnueabihf/c++/8"/>
					<Add directory="/usr/include/c++/8/backward"/>
					<Add directory="/usr/lib/gcc/arm-linux-gnueabihf/8/include"/>
					<Add directory="/usr/local/include"/>
					<Add directory="/usr/lib/gcc/arm-linux-gnueabihf/8/include-fixed"/>
					<Add directory="/usr/include/arm-linux-gnueabihf"/>
					<Add directory="/usr/include"/>
				</Compiler>
				<MakeCommands>
					<Build command="/usr/bin/make -j4 -f &quot;/tmp/tmp.GYQmTdo2sk/Makefile&quot;  VERBOSE=1 ina260/fast"/>
					<CompileFile command="/usr/bin/make -j4 -f &quot;/tmp/tmp.GYQmTdo2sk/Makefile&quot;  VERBOSE=1 &quot;$file&quot;"/>
					<Clean command="/usr/bin/make -j4 -f &quot;/tmp/tmp.GYQmTdo2sk/Makefile&quot;  VERBOSE=1 clean"/>
					<DistClean command="/usr/bin/make -j4 -f &quot;/tmp/tmp.GYQmTdo2sk/Makefile&quot;  VERBOSE=1 clean"/>
				</MakeCommands>
			</Target>
			<Target title="edit_cache">
				<Option working_dir="/tmp/tmp.GYQmTdo2sk"/>
				<Option type="4"/>
				<MakeCommands>
					<Build command="/usr/bin/make -j4 -f &quot;/tmp/tmp.GYQmTdo2sk/Makefile&quot;  VERBOSE=1 edit_cache"/>
					<CompileFile command="/usr/bin/make -j4 -f &quot;/tmp/tmp.GYQmTdo2sk/Makefile&quot;  VERBOSE=1 &quot;$file&quot;"/>
					<Clean command="/usr/bin/make -j4 -f &quot;/tmp/tmp.GYQmTdo2sk/Makefile&quot;  VERBOSE=1 clean"/>
					<DistClean command="/usr/bin/make -j4 -f &quot;/tmp/tmp.GYQmTdo2sk/Makefile&quot;  VERBOSE=1 clean"/>
				</MakeCommands>
			</Target>
		</Build>
		<Unit filename="/tmp/tmp.GYQmTdo2sk/src/I2CDevice.cpp">
			<Option target="ina260"/>
		</Unit>
		<Unit filename="/tmp/tmp.GYQmTdo2sk/src/I2CDevice.hpp">
			<Option target="ina260"/>
		</Unit>
		<Unit filename="/tmp/tmp.GYQmTdo2sk/src/INASettings.hpp">
			<Option target="ina260"/>
		</Unit>
		<Unit filename="/tmp/tmp.GYQmTdo2sk/src/client.cpp">
			<Option target="ina260"/>
		</Unit>
		<Unit filename="/tmp/tmp.GYQmTdo2sk/src/client.hpp">
			<Option target="ina260"/>
		</Unit>
		<Unit filename="/tmp/tmp.GYQmTdo2sk/src/inaDevice.cpp">
			<Option target="ina260"/>
		</Unit>
		<Unit filename="/tmp/tmp.GYQmTdo2sk/src/inaDevice.hpp">
			<Option target="ina260"/>
		</Unit>
		<Unit filename="/tmp/tmp.GYQmTdo2sk/src/logger.cpp">
			<Option target="ina260"/>
		</Unit>
		<Unit filename="/tmp/tmp.GYQmTdo2sk/src/logger.hpp">
			<Option target="ina260"/>
		</Unit>
		<Unit filename="/tmp/tmp.GYQmTdo2sk/src/main.cpp">
			<Option target="ina260"/>
		</Unit>
		<Unit filename="/tmp/tmp.GYQmTdo2sk/src/maindata.cpp">
			<Option target="ina260"/>
		</Unit>
		<Unit filename="/tmp/tmp.GYQmTdo2sk/src/server.cpp">
			<Option target="ina260"/>
		</Unit>
		<Unit filename="/tmp/tmp.GYQmTdo2sk/src/temperatureLogger.cpp">
			<Option target="ina260"/>
		</Unit>
		<Unit filename="/tmp/tmp.GYQmTdo2sk/src/temperatureLogger.hpp">
			<Option target="ina260"/>
		</Unit>
		<Unit filename="/tmp/tmp.GYQmTdo2sk/CMakeLists.txt">
			<Option virtualFolder="CMake Files\"/>
		</Unit>
	</Project>
</CodeBlocks_project_file>
